
Microsoft Visual Studio Solution File, Format Version 12.00
# Visual Studio Version 17
VisualStudioVersion = 17.10.34707.107
MinimumVisualStudioVersion = 10.0.40219.1
Project("{FAE04EC0-301F-11D3-BF4B-00C04F79EFBC}") = "Skip, Take", "Skip, Take\Skip, Take.csproj", "{974CEDBE-05C3-43F4-89C6-9C93A1FC647D}"
EndProject
Global
	GlobalSection(SolutionConfigurationPlatforms) = preSolution
		Debug|Any CPU = Debug|Any CPU
		Release|Any CPU = Release|Any CPU
	EndGlobalSection
	GlobalSection(ProjectConfigurationPlatforms) = postSolution
		{974CEDBE-05C3-43F4-89C6-9C93A1FC647D}.Debug|Any CPU.ActiveCfg = Debug|Any CPU
		{974CEDBE-05C3-43F4-89C6-9C93A1FC647D}.Debug|Any CPU.Build.0 = Debug|Any CPU
		{974CEDBE-05C3-43F4-89C6-9C93A1FC647D}.Release|Any CPU.ActiveCfg = Release|Any CPU
		{974CEDBE-05C3-43F4-89C6-9C93A1FC647D}.Release|Any CPU.Build.0 = Release|Any CPU
	EndGlobalSection
	GlobalSection(SolutionProperties) = preSolution
		HideSolutionNode = FALSE
	EndGlobalSection
	GlobalSection(ExtensibilityGlobals) = postSolution
		SolutionGuid = {26FC16B4-CA55-4B26-A951-B3BA46A0A1D6}
	EndGlobalSection
EndGlobal
